// !$*UTF8*$!
{
	archiveVersion = 1;
	classes = {
	};
	objectVersion = 46;
	objects = {

/* Begin PBXBuildFile section */
		C28F9ACB1D94A28700F142A3 /* DataSource.swift in Sources */ = {isa = PBXBuildFile; fileRef = C28F9ACA1D94A28700F142A3 /* DataSource.swift */; };
		C28F9ACD1D94A8E600F142A3 /* FilteredImage.swift in Sources */ = {isa = PBXBuildFile; fileRef = C28F9ACC1D94A8E600F142A3 /* FilteredImage.swift */; };
		C28F9AD11D94AEBF00F142A3 /* FilteredImageCell.swift in Sources */ = {isa = PBXBuildFile; fileRef = C28F9AD01D94AEBF00F142A3 /* FilteredImageCell.swift */; };
		C2B625701D7BF79A0083D4E8 /* AppDelegate.swift in Sources */ = {isa = PBXBuildFile; fileRef = C2B6256F1D7BF79A0083D4E8 /* AppDelegate.swift */; };
		C2B625721D7BF79A0083D4E8 /* ViewController.swift in Sources */ = {isa = PBXBuildFile; fileRef = C2B625711D7BF79A0083D4E8 /* ViewController.swift */; };
		C2B625751D7BF79A0083D4E8 /* Main.storyboard in Resources */ = {isa = PBXBuildFile; fileRef = C2B625731D7BF79A0083D4E8 /* Main.storyboard */; };
		C2B625771D7BF79A0083D4E8 /* Assets.xcassets in Resources */ = {isa = PBXBuildFile; fileRef = C2B625761D7BF79A0083D4E8 /* Assets.xcassets */; };
		C2B6257A1D7BF79A0083D4E8 /* LaunchScreen.storyboard in Resources */ = {isa = PBXBuildFile; fileRef = C2B625781D7BF79A0083D4E8 /* LaunchScreen.storyboard */; };
		C2B625851D7BF79A0083D4E8 /* FiltererTests.swift in Sources */ = {isa = PBXBuildFile; fileRef = C2B625841D7BF79A0083D4E8 /* FiltererTests.swift */; };
		C2B625901D7BF79A0083D4E8 /* FiltererUITests.swift in Sources */ = {isa = PBXBuildFile; fileRef = C2B6258F1D7BF79A0083D4E8 /* FiltererUITests.swift */; };
		C2B625A01D7BF8F90083D4E8 /* ImageProcessorHelper.swift in Sources */ = {isa = PBXBuildFile; fileRef = C2B6259E1D7BF8F90083D4E8 /* ImageProcessorHelper.swift */; };
		C2B625A11D7BF8F90083D4E8 /* RGBAImage.swift in Sources */ = {isa = PBXBuildFile; fileRef = C2B6259F1D7BF8F90083D4E8 /* RGBAImage.swift */; };
/* End PBXBuildFile section */

/* Begin PBXContainerItemProxy section */
		C2B625811D7BF79A0083D4E8 /* PBXContainerItemProxy */ = {
			isa = PBXContainerItemProxy;
			containerPortal = C2B625641D7BF79A0083D4E8 /* Project object */;
			proxyType = 1;
			remoteGlobalIDString = C2B6256B1D7BF79A0083D4E8;
			remoteInfo = Filterer;
		};
		C2B6258C1D7BF79A0083D4E8 /* PBXContainerItemProxy */ = {
			isa = PBXContainerItemProxy;
			containerPortal = C2B625641D7BF79A0083D4E8 /* Project object */;
			proxyType = 1;
			remoteGlobalIDString = C2B6256B1D7BF79A0083D4E8;
			remoteInfo = Filterer;
		};
/* End PBXContainerItemProxy section */

/* Begin PBXFileReference section */
		C28F9ACA1D94A28700F142A3 /* DataSource.swift */ = {isa = PBXFileReference; fileEncoding = 4; lastKnownFileType = sourcecode.swift; path = DataSource.swift; sourceTree = "<group>"; };
		C28F9ACC1D94A8E600F142A3 /* FilteredImage.swift */ = {isa = PBXFileReference; fileEncoding = 4; lastKnownFileType = sourcecode.swift; path = FilteredImage.swift; sourceTree = "<group>"; };
		C28F9AD01D94AEBF00F142A3 /* FilteredImageCell.swift */ = {isa = PBXFileReference; fileEncoding = 4; lastKnownFileType = sourcecode.swift; path = FilteredImageCell.swift; sourceTree = "<group>"; };
		C2B6256C1D7BF79A0083D4E8 /* Filterer-Nalin.app */ = {isa = PBXFileReference; explicitFileType = wrapper.application; includeInIndex = 0; path = "Filterer-Nalin.app"; sourceTree = BUILT_PRODUCTS_DIR; };
		C2B6256F1D7BF79A0083D4E8 /* AppDelegate.swift */ = {isa = PBXFileReference; lastKnownFileType = sourcecode.swift; path = AppDelegate.swift; sourceTree = "<group>"; };
		C2B625711D7BF79A0083D4E8 /* ViewController.swift */ = {isa = PBXFileReference; lastKnownFileType = sourcecode.swift; path = ViewController.swift; sourceTree = "<group>"; };
		C2B625741D7BF79A0083D4E8 /* Base */ = {isa = PBXFileReference; lastKnownFileType = file.storyboard; name = Base; path = Base.lproj/Main.storyboard; sourceTree = "<group>"; };
		C2B625761D7BF79A0083D4E8 /* Assets.xcassets */ = {isa = PBXFileReference; lastKnownFileType = folder.assetcatalog; path = Assets.xcassets; sourceTree = "<group>"; };
		C2B625791D7BF79A0083D4E8 /* Base */ = {isa = PBXFileReference; lastKnownFileType = file.storyboard; name = Base; path = Base.lproj/LaunchScreen.storyboard; sourceTree = "<group>"; };
		C2B6257B1D7BF79A0083D4E8 /* Info.plist */ = {isa = PBXFileReference; lastKnownFileType = text.plist.xml; path = Info.plist; sourceTree = "<group>"; };
		C2B625801D7BF79A0083D4E8 /* Filterer-Nalin.xctest */ = {isa = PBXFileReference; explicitFileType = wrapper.cfbundle; includeInIndex = 0; path = "Filterer-Nalin.xctest"; sourceTree = BUILT_PRODUCTS_DIR; };
		C2B625841D7BF79A0083D4E8 /* FiltererTests.swift */ = {isa = PBXFileReference; lastKnownFileType = sourcecode.swift; path = FiltererTests.swift; sourceTree = "<group>"; };
		C2B625861D7BF79A0083D4E8 /* Info.plist */ = {isa = PBXFileReference; lastKnownFileType = text.plist.xml; path = Info.plist; sourceTree = "<group>"; };
		C2B6258B1D7BF79A0083D4E8 /* Filterer-Nalin.xctest */ = {isa = PBXFileReference; explicitFileType = wrapper.cfbundle; includeInIndex = 0; path = "Filterer-Nalin.xctest"; sourceTree = BUILT_PRODUCTS_DIR; };
		C2B6258F1D7BF79A0083D4E8 /* FiltererUITests.swift */ = {isa = PBXFileReference; lastKnownFileType = sourcecode.swift; path = FiltererUITests.swift; sourceTree = "<group>"; };
		C2B625911D7BF79A0083D4E8 /* Info.plist */ = {isa = PBXFileReference; lastKnownFileType = text.plist.xml; path = Info.plist; sourceTree = "<group>"; };
		C2B6259E1D7BF8F90083D4E8 /* ImageProcessorHelper.swift */ = {isa = PBXFileReference; fileEncoding = 4; lastKnownFileType = sourcecode.swift; path = ImageProcessorHelper.swift; sourceTree = "<group>"; };
		C2B6259F1D7BF8F90083D4E8 /* RGBAImage.swift */ = {isa = PBXFileReference; fileEncoding = 4; lastKnownFileType = sourcecode.swift; path = RGBAImage.swift; sourceTree = "<group>"; };
/* End PBXFileReference section */

/* Begin PBXFrameworksBuildPhase section */
		C2B625691D7BF79A0083D4E8 /* Frameworks */ = {
			isa = PBXFrameworksBuildPhase;
			buildActionMask = 2147483647;
			files = (
			);
			runOnlyForDeploymentPostprocessing = 0;
		};
		C2B6257D1D7BF79A0083D4E8 /* Frameworks */ = {
			isa = PBXFrameworksBuildPhase;
			buildActionMask = 2147483647;
			files = (
			);
			runOnlyForDeploymentPostprocessing = 0;
		};
		C2B625881D7BF79A0083D4E8 /* Frameworks */ = {
			isa = PBXFrameworksBuildPhase;
			buildActionMask = 2147483647;
			files = (
			);
			runOnlyForDeploymentPostprocessing = 0;
		};
/* End PBXFrameworksBuildPhase section */

/* Begin PBXGroup section */
		C28F9ACE1D94AD4300F142A3 /* View */ = {
			isa = PBXGroup;
			children = (
				C2B625731D7BF79A0083D4E8 /* Main.storyboard */,
				C2B625711D7BF79A0083D4E8 /* ViewController.swift */,
				C28F9AD01D94AEBF00F142A3 /* FilteredImageCell.swift */,
			);
			name = View;
			sourceTree = "<group>";
		};
		C28F9ACF1D94AD6300F142A3 /* Model */ = {
			isa = PBXGroup;
			children = (
				C28F9ACC1D94A8E600F142A3 /* FilteredImage.swift */,
				C28F9ACA1D94A28700F142A3 /* DataSource.swift */,
			);
			name = Model;
			sourceTree = "<group>";
		};
		C2B625631D7BF79A0083D4E8 = {
			isa = PBXGroup;
			children = (
				C2B6256E1D7BF79A0083D4E8 /* Filterer */,
				C2B625831D7BF79A0083D4E8 /* FiltererTests */,
				C2B6258E1D7BF79A0083D4E8 /* FiltererUITests */,
				C2B6256D1D7BF79A0083D4E8 /* Products */,
			);
			sourceTree = "<group>";
		};
		C2B6256D1D7BF79A0083D4E8 /* Products */ = {
			isa = PBXGroup;
			children = (
				C2B6256C1D7BF79A0083D4E8 /* Filterer-Nalin.app */,
				C2B625801D7BF79A0083D4E8 /* Filterer-Nalin.xctest */,
				C2B6258B1D7BF79A0083D4E8 /* Filterer-Nalin.xctest */,
			);
			name = Products;
			sourceTree = "<group>";
		};
		C2B6256E1D7BF79A0083D4E8 /* Filterer */ = {
			isa = PBXGroup;
			children = (
				C28F9ACF1D94AD6300F142A3 /* Model */,
				C28F9ACE1D94AD4300F142A3 /* View */,
				C2B6259D1D7BF8D50083D4E8 /* Util */,
				C2B6256F1D7BF79A0083D4E8 /* AppDelegate.swift */,
				C2B625761D7BF79A0083D4E8 /* Assets.xcassets */,
				C2B625781D7BF79A0083D4E8 /* LaunchScreen.storyboard */,
				C2B6257B1D7BF79A0083D4E8 /* Info.plist */,
			);
			path = Filterer;
			sourceTree = "<group>";
		};
		C2B625831D7BF79A0083D4E8 /* FiltererTests */ = {
			isa = PBXGroup;
			children = (
				C2B625841D7BF79A0083D4E8 /* FiltererTests.swift */,
				C2B625861D7BF79A0083D4E8 /* Info.plist */,
			);
			path = FiltererTests;
			sourceTree = "<group>";
		};
		C2B6258E1D7BF79A0083D4E8 /* FiltererUITests */ = {
			isa = PBXGroup;
			children = (
				C2B6258F1D7BF79A0083D4E8 /* FiltererUITests.swift */,
				C2B625911D7BF79A0083D4E8 /* Info.plist */,
			);
			path = FiltererUITests;
			sourceTree = "<group>";
		};
		C2B6259D1D7BF8D50083D4E8 /* Util */ = {
			isa = PBXGroup;
			children = (
				C2B6259E1D7BF8F90083D4E8 /* ImageProcessorHelper.swift */,
				C2B6259F1D7BF8F90083D4E8 /* RGBAImage.swift */,
			);
			name = Util;
			sourceTree = "<group>";
		};
/* End PBXGroup section */

/* Begin PBXNativeTarget section */
		C2B6256B1D7BF79A0083D4E8 /* Filterer-Nalin */ = {
			isa = PBXNativeTarget;
			buildConfigurationList = C2B625941D7BF79A0083D4E8 /* Build configuration list for PBXNativeTarget "Filterer-Nalin" */;
			buildPhases = (
				C2B625681D7BF79A0083D4E8 /* Sources */,
				C2B625691D7BF79A0083D4E8 /* Frameworks */,
				C2B6256A1D7BF79A0083D4E8 /* Resources */,
			);
			buildRules = (
			);
			dependencies = (
			);
			name = "Filterer-Nalin";
			productName = Filterer;
			productReference = C2B6256C1D7BF79A0083D4E8 /* Filterer-Nalin.app */;
			productType = "com.apple.product-type.application";
		};
		C2B6257F1D7BF79A0083D4E8 /* Filterer-NalinTests */ = {
			isa = PBXNativeTarget;
			buildConfigurationList = C2B625971D7BF79A0083D4E8 /* Build configuration list for PBXNativeTarget "Filterer-NalinTests" */;
			buildPhases = (
				C2B6257C1D7BF79A0083D4E8 /* Sources */,
				C2B6257D1D7BF79A0083D4E8 /* Frameworks */,
				C2B6257E1D7BF79A0083D4E8 /* Resources */,
			);
			buildRules = (
			);
			dependencies = (
				C2B625821D7BF79A0083D4E8 /* PBXTargetDependency */,
			);
			name = "Filterer-NalinTests";
			productName = FiltererTests;
			productReference = C2B625801D7BF79A0083D4E8 /* Filterer-Nalin.xctest */;
			productType = "com.apple.product-type.bundle.unit-test";
		};
		C2B6258A1D7BF79A0083D4E8 /* Filterer-NalinUITests */ = {
			isa = PBXNativeTarget;
			buildConfigurationList = C2B6259A1D7BF79A0083D4E8 /* Build configuration list for PBXNativeTarget "Filterer-NalinUITests" */;
			buildPhases = (
				C2B625871D7BF79A0083D4E8 /* Sources */,
				C2B625881D7BF79A0083D4E8 /* Frameworks */,
				C2B625891D7BF79A0083D4E8 /* Resources */,
			);
			buildRules = (
			);
			dependencies = (
				C2B6258D1D7BF79A0083D4E8 /* PBXTargetDependency */,
			);
			name = "Filterer-NalinUITests";
			productName = FiltererUITests;
			productReference = C2B6258B1D7BF79A0083D4E8 /* Filterer-Nalin.xctest */;
			productType = "com.apple.product-type.bundle.ui-testing";
		};
/* End PBXNativeTarget section */

/* Begin PBXProject section */
		C2B625641D7BF79A0083D4E8 /* Project object */ = {
			isa = PBXProject;
			attributes = {
				LastSwiftUpdateCheck = 0730;
				LastUpgradeCheck = 0730;
				ORGANIZATIONNAME = Nalin;
				TargetAttributes = {
					C2B6256B1D7BF79A0083D4E8 = {
						CreatedOnToolsVersion = 7.3.1;
					};
					C2B6257F1D7BF79A0083D4E8 = {
						CreatedOnToolsVersion = 7.3.1;
						TestTargetID = C2B6256B1D7BF79A0083D4E8;
					};
					C2B6258A1D7BF79A0083D4E8 = {
						CreatedOnToolsVersion = 7.3.1;
						TestTargetID = C2B6256B1D7BF79A0083D4E8;
					};
				};
			};
			buildConfigurationList = C2B625671D7BF79A0083D4E8 /* Build configuration list for PBXProject "Filterer-Nalin" */;
			compatibilityVersion = "Xcode 3.2";
			developmentRegion = English;
			hasScannedForEncodings = 0;
			knownRegions = (
				en,
				Base,
			);
			mainGroup = C2B625631D7BF79A0083D4E8;
			productRefGroup = C2B6256D1D7BF79A0083D4E8 /* Products */;
			projectDirPath = "";
			projectRoot = "";
			targets = (
				C2B6256B1D7BF79A0083D4E8 /* Filterer-Nalin */,
				C2B6257F1D7BF79A0083D4E8 /* Filterer-NalinTests */,
				C2B6258A1D7BF79A0083D4E8 /* Filterer-NalinUITests */,
			);
		};
/* End PBXProject section */

/* Begin PBXResourcesBuildPhase section */
		C2B6256A1D7BF79A0083D4E8 /* Resources */ = {
			isa = PBXResourcesBuildPhase;
			buildActionMask = 2147483647;
			files = (
				C2B6257A1D7BF79A0083D4E8 /* LaunchScreen.storyboard in Resources */,
				C2B625771D7BF79A0083D4E8 /* Assets.xcassets in Resources */,
				C2B625751D7BF79A0083D4E8 /* Main.storyboard in Resources */,
			);
			runOnlyForDeploymentPostprocessing = 0;
		};
		C2B6257E1D7BF79A0083D4E8 /* Resources */ = {
			isa = PBXResourcesBuildPhase;
			buildActionMask = 2147483647;
			files = (
			);
			runOnlyForDeploymentPostprocessing = 0;
		};
		C2B625891D7BF79A0083D4E8 /* Resources */ = {
			isa = PBXResourcesBuildPhase;
			buildActionMask = 2147483647;
			files = (
			);
			runOnlyForDeploymentPostprocessing = 0;
		};
/* End PBXResourcesBuildPhase section */

/* Begin PBXSourcesBuildPhase section */
		C2B625681D7BF79A0083D4E8 /* Sources */ = {
			isa = PBXSourcesBuildPhase;
			buildActionMask = 2147483647;
			files = (
				C2B625A01D7BF8F90083D4E8 /* ImageProcessorHelper.swift in Sources */,
				C28F9ACD1D94A8E600F142A3 /* FilteredImage.swift in Sources */,
				C2B625A11D7BF8F90083D4E8 /* RGBAImage.swift in Sources */,
				C2B625721D7BF79A0083D4E8 /* ViewController.swift in Sources */,
				C28F9ACB1D94A28700F142A3 /* DataSource.swift in Sources */,
				C2B625701D7BF79A0083D4E8 /* AppDelegate.swift in Sources */,
				C28F9AD11D94AEBF00F142A3 /* FilteredImageCell.swift in Sources */,
			);
			runOnlyForDeploymentPostprocessing = 0;
		};
		C2B6257C1D7BF79A0083D4E8 /* Sources */ = {
			isa = PBXSourcesBuildPhase;
			buildActionMask = 2147483647;
			files = (
				C2B625851D7BF79A0083D4E8 /* FiltererTests.swift in Sources */,
			);
			runOnlyForDeploymentPostprocessing = 0;
		};
		C2B625871D7BF79A0083D4E8 /* Sources */ = {
			isa = PBXSourcesBuildPhase;
			buildActionMask = 2147483647;
			files = (
				C2B625901D7BF79A0083D4E8 /* FiltererUITests.swift in Sources */,
			);
			runOnlyForDeploymentPostprocessing = 0;
		};
/* End PBXSourcesBuildPhase section */

/* Begin PBXTargetDependency section */
		C2B625821D7BF79A0083D4E8 /* PBXTargetDependency */ = {
			isa = PBXTargetDependency;
			target = C2B6256B1D7BF79A0083D4E8 /* Filterer-Nalin */;
			targetProxy = C2B625811D7BF79A0083D4E8 /* PBXContainerItemProxy */;
		};
		C2B6258D1D7BF79A0083D4E8 /* PBXTargetDependency */ = {
			isa = PBXTargetDependency;
			target = C2B6256B1D7BF79A0083D4E8 /* Filterer-Nalin */;
			targetProxy = C2B6258C1D7BF79A0083D4E8 /* PBXContainerItemProxy */;
		};
/* End PBXTargetDependency section */

/* Begin PBXVariantGroup section */
		C2B625731D7BF79A0083D4E8 /* Main.storyboard */ = {
			isa = PBXVariantGroup;
			children = (
				C2B625741D7BF79A0083D4E8 /* Base */,
			);
			name = Main.storyboard;
			sourceTree = "<group>";
		};
		C2B625781D7BF79A0083D4E8 /* LaunchScreen.storyboard */ = {
			isa = PBXVariantGroup;
			children = (
				C2B625791D7BF79A0083D4E8 /* Base */,
			);
			name = LaunchScreen.storyboard;
			sourceTree = "<group>";
		};
/* End PBXVariantGroup section */

/* Begin XCBuildConfiguration section */
		C2B625921D7BF79A0083D4E8 /* Debug */ = {
			isa = XCBuildConfiguration;
			buildSettings = {
				ALWAYS_SEARCH_USER_PATHS = NO;
				CLANG_ANALYZER_NONNULL = YES;
				CLANG_CXX_LANGUAGE_STANDARD = "gnu++0x";
				CLANG_CXX_LIBRARY = "libc++";
				CLANG_ENABLE_MODULES = YES;
				CLANG_ENABLE_OBJC_ARC = YES;
				CLANG_WARN_BOOL_CONVERSION = YES;
				CLANG_WARN_CONSTANT_CONVERSION = YES;
				CLANG_WARN_DIRECT_OBJC_ISA_USAGE = YES_ERROR;
				CLANG_WARN_EMPTY_BODY = YES;
				CLANG_WARN_ENUM_CONVERSION = YES;
				CLANG_WARN_INT_CONVERSION = YES;
				CLANG_WARN_OBJC_ROOT_CLASS = YES_ERROR;
				CLANG_WARN_UNREACHABLE_CODE = YES;
				CLANG_WARN__DUPLICATE_METHOD_MATCH = YES;
				"CODE_SIGN_IDENTITY[sdk=iphoneos*]" = "iPhone Developer";
				COPY_PHASE_STRIP = NO;
				DEBUG_INFORMATION_FORMAT = dwarf;
				ENABLE_STRICT_OBJC_MSGSEND = YES;
				ENABLE_TESTABILITY = YES;
				GCC_C_LANGUAGE_STANDARD = gnu99;
				GCC_DYNAMIC_NO_PIC = NO;
				GCC_NO_COMMON_BLOCKS = YES;
				GCC_OPTIMIZATION_LEVEL = 0;
				GCC_PREPROCESSOR_DEFINITIONS = (
					"DEBUG=1",
					"$(inherited)",
				);
				GCC_WARN_64_TO_32_BIT_CONVERSION = YES;
				GCC_WARN_ABOUT_RETURN_TYPE = YES_ERROR;
				GCC_WARN_UNDECLARED_SELECTOR = YES;
				GCC_WARN_UNINITIALIZED_AUTOS = YES_AGGRESSIVE;
				GCC_WARN_UNUSED_FUNCTION = YES;
				GCC_WARN_UNUSED_VARIABLE = YES;
				IPHONEOS_DEPLOYMENT_TARGET = 9.3;
				MTL_ENABLE_DEBUG_INFO = YES;
				ONLY_ACTIVE_ARCH = YES;
				SDKROOT = iphoneos;
				SWIFT_OPTIMIZATION_LEVEL = "-Onone";
				TARGETED_DEVICE_FAMILY = "1,2";
			};
			name = Debug;
		};
		C2B625931D7BF79A0083D4E8 /* Release */ = {
			isa = XCBuildConfiguration;
			buildSettings = {
				ALWAYS_SEARCH_USER_PATHS = NO;
				CLANG_ANALYZER_NONNULL = YES;
				CLANG_CXX_LANGUAGE_STANDARD = "gnu++0x";
				CLANG_CXX_LIBRARY = "libc++";
				CLANG_ENABLE_MODULES = YES;
				CLANG_ENABLE_OBJC_ARC = YES;
				CLANG_WARN_BOOL_CONVERSION = YES;
				CLANG_WARN_CONSTANT_CONVERSION = YES;
				CLANG_WARN_DIRECT_OBJC_ISA_USAGE = YES_ERROR;
				CLANG_WARN_EMPTY_BODY = YES;
				CLANG_WARN_ENUM_CONVERSION = YES;
				CLANG_WARN_INT_CONVERSION = YES;
				CLANG_WARN_OBJC_ROOT_CLASS = YES_ERROR;
				CLANG_WARN_UNREACHABLE_CODE = YES;
				CLANG_WARN__DUPLICATE_METHOD_MATCH = YES;
				"CODE_SIGN_IDENTITY[sdk=iphoneos*]" = "iPhone Developer";
				COPY_PHASE_STRIP = NO;
				DEBUG_INFORMATION_FORMAT = "dwarf-with-dsym";
				ENABLE_NS_ASSERTIONS = NO;
				ENABLE_STRICT_OBJC_MSGSEND = YES;
				GCC_C_LANGUAGE_STANDARD = gnu99;
				GCC_NO_COMMON_BLOCKS = YES;
				GCC_WARN_64_TO_32_BIT_CONVERSION = YES;
				GCC_WARN_ABOUT_RETURN_TYPE = YES_ERROR;
				GCC_WARN_UNDECLARED_SELECTOR = YES;
				GCC_WARN_UNINITIALIZED_AUTOS = YES_AGGRESSIVE;
				GCC_WARN_UNUSED_FUNCTION = YES;
				GCC_WARN_UNUSED_VARIABLE = YES;
				IPHONEOS_DEPLOYMENT_TARGET = 9.3;
				MTL_ENABLE_DEBUG_INFO = NO;
				SDKROOT = iphoneos;
				TARGETED_DEVICE_FAMILY = "1,2";
				VALIDATE_PRODUCT = YES;
			};
			name = Release;
		};
		C2B625951D7BF79A0083D4E8 /* Debug */ = {
			isa = XCBuildConfiguration;
			buildSettings = {
				ASSETCATALOG_COMPILER_APPICON_NAME = AppIcon;
				INFOPLIST_FILE = Filterer/Info.plist;
				IPHONEOS_DEPLOYMENT_TARGET = 9.3;
				LD_RUNPATH_SEARCH_PATHS = "$(inherited) @executable_path/Frameworks";
				PRODUCT_BUNDLE_IDENTIFIER = com.nalinkumarz.Filterer;
				PRODUCT_NAME = "Filterer-Nalin";
			};
			name = Debug;
		};
		C2B625961D7BF79A0083D4E8 /* Release */ = {
			isa = XCBuildConfiguration;
			buildSettings = {
				ASSETCATALOG_COMPILER_APPICON_NAME = AppIcon;
				INFOPLIST_FILE = Filterer/Info.plist;
				IPHONEOS_DEPLOYMENT_TARGET = 9.3;
				LD_RUNPATH_SEARCH_PATHS = "$(inherited) @executable_path/Frameworks";
				PRODUCT_BUNDLE_IDENTIFIER = com.nalinkumarz.Filterer;
				PRODUCT_NAME = "Filterer-Nalin";
			};
			name = Release;
		};
		C2B625981D7BF79A0083D4E8 /* Debug */ = {
			isa = XCBuildConfiguration;
			buildSettings = {
				BUNDLE_LOADER = "$(TEST_HOST)";
				INFOPLIST_FILE = FiltererTests/Info.plist;
				LD_RUNPATH_SEARCH_PATHS = "$(inherited) @executable_path/Frameworks @loader_path/Frameworks";
				PRODUCT_BUNDLE_IDENTIFIER = com.nalinkumarz.FiltererTests;
				PRODUCT_NAME = "Filterer-Nalin";
				TEST_HOST = "$(BUILT_PRODUCTS_DIR)/Filterer-Nalin.app/Filterer-Nalin";
			};
			name = Debug;
		};
		C2B625991D7BF79A0083D4E8 /* Release */ = {
			isa = XCBuildConfiguration;
			buildSettings = {
				BUNDLE_LOADER = "$(TEST_HOST)";
				INFOPLIST_FILE = FiltererTests/Info.plist;
				LD_RUNPATH_SEARCH_PATHS = "$(inherited) @executable_path/Frameworks @loader_path/Frameworks";
				PRODUCT_BUNDLE_IDENTIFIER = com.nalinkumarz.FiltererTests;
				PRODUCT_NAME = "Filterer-Nalin";
				TEST_HOST = "$(BUILT_PRODUCTS_DIR)/Filterer-Nalin.app/Filterer-Nalin";
			};
			name = Release;
		};
		C2B6259B1D7BF79A0083D4E8 /* Debug */ = {
			isa = XCBuildConfiguration;
			buildSettings = {
				INFOPLIST_FILE = FiltererUITests/Info.plist;
				LD_RUNPATH_SEARCH_PATHS = "$(inherited) @executable_path/Frameworks @loader_path/Frameworks";
				PRODUCT_BUNDLE_IDENTIFIER = com.nalinkumarz.FiltererUITests;
				PRODUCT_NAME = "Filterer-Nalin";
				TEST_TARGET_NAME = Filterer;
			};
			name = Debug;
		};
		C2B6259C1D7BF79A0083D4E8 /* Release */ = {
			isa = XCBuildConfiguration;
			buildSettings = {
				INFOPLIST_FILE = FiltererUITests/Info.plist;
				LD_RUNPATH_SEARCH_PATHS = "$(inherited) @executable_path/Frameworks @loader_path/Frameworks";
				PRODUCT_BUNDLE_IDENTIFIER = com.nalinkumarz.FiltererUITests;
				PRODUCT_NAME = "Filterer-Nalin";
				TEST_TARGET_NAME = Filterer;
			};
			name = Release;
		};
/* End XCBuildConfiguration section */

/* Begin XCConfigurationList section */
		C2B625671D7BF79A0083D4E8 /* Build configuration list for PBXProject "Filterer-Nalin" */ = {
			isa = XCConfigurationList;
			buildConfigurations = (
				C2B625921D7BF79A0083D4E8 /* Debug */,
				C2B625931D7BF79A0083D4E8 /* Release */,
			);
			defaultConfigurationIsVisible = 0;
			defaultConfigurationName = Release;
		};
		C2B625941D7BF79A0083D4E8 /* Build configuration list for PBXNativeTarget "Filterer-Nalin" */ = {
			isa = XCConfigurationList;
			buildConfigurations = (
				C2B625951D7BF79A0083D4E8 /* Debug */,
				C2B625961D7BF79A0083D4E8 /* Release */,
			);
			defaultConfigurationIsVisible = 0;
			defaultConfigurationName = Release;
		};
		C2B625971D7BF79A0083D4E8 /* Build configuration list for PBXNativeTarget "Filterer-NalinTests" */ = {
			isa = XCConfigurationList;
			buildConfigurations = (
				C2B625981D7BF79A0083D4E8 /* Debug */,
				C2B625991D7BF79A0083D4E8 /* Release */,
			);
			defaultConfigurationIsVisible = 0;
			defaultConfigurationName = Release;
		};
		C2B6259A1D7BF79A0083D4E8 /* Build configuration list for PBXNativeTarget "Filterer-NalinUITests" */ = {
			isa = XCConfigurationList;
			buildConfigurations = (
				C2B6259B1D7BF79A0083D4E8 /* Debug */,
				C2B6259C1D7BF79A0083D4E8 /* Release */,
			);
			defaultConfigurationIsVisible = 0;
			defaultConfigurationName = Release;
		};
/* End XCConfigurationList section */
	};
	rootObject = C2B625641D7BF79A0083D4E8 /* Project object */;
}
